// !$*UTF8*$!
{
    archiveVersion = 1;
    classes = {
    };
    objectVersion = 60;
    objects = {

/* Begin PBXBuildFile section */
        A10000000000000000000001 /* CheckoutSample.swift in Sources */ = {isa = PBXBuildFile; fileRef = A10000000000000000000002 /* CheckoutSample.swift */; };
        A10000000000000000000003 /* M2CCheckout in Frameworks */ = {isa = PBXBuildFile; productRef = A10000000000000000000004 /* M2CCheckout */; };
/* End PBXBuildFile section */

/* Begin PBXFileReference section */
        A10000000000000000000002 /* CheckoutSample.swift */ = {isa = PBXFileReference; lastKnownFileType = sourcecode.swift; path = CheckoutSample.swift; sourceTree = "<group>"; };
        A10000000000000000000005 /* Info.plist */ = {isa = PBXFileReference; lastKnownFileType = text.plist.xml; path = Info.plist; sourceTree = "<group>"; };
        A10000000000000000000006 /* CheckoutSample.app */ = {isa = PBXFileReference; explicitFileType = wrapper.application; includeInIndex = 0; path = CheckoutSample.app; sourceTree = BUILT_PRODUCTS_DIR; };
/* End PBXFileReference section */

/* Begin PBXFrameworksBuildPhase section */
        A10000000000000000000007 /* Frameworks */ = {
            isa = PBXFrameworksBuildPhase;
            buildActionMask = 2147483647;
            files = (
                A10000000000000000000003 /* M2CCheckout in Frameworks */,
            );
            runOnlyForDeploymentPostprocessing = 0;
        };
/* End PBXFrameworksBuildPhase section */

/* Begin PBXGroup section */
        A10000000000000000000008 = {
            isa = PBXGroup;
            children = (
                A10000000000000000000009 /* CheckoutSample */,
                A1000000000000000000000A /* Products */,
            );
            sourceTree = "<group>";
        };
        A10000000000000000000009 /* CheckoutSample */ = {
            isa = PBXGroup;
            children = (
                A10000000000000000000002 /* CheckoutSample.swift */,
                A10000000000000000000005 /* Info.plist */,
            );
            name = CheckoutSample;
            sourceTree = "<group>";
        };
        A1000000000000000000000A /* Products */ = {
            isa = PBXGroup;
            children = (
                A10000000000000000000006 /* CheckoutSample.app */,
            );
            name = Products;
            sourceTree = "<group>";
        };
/* End PBXGroup section */

/* Begin PBXNativeTarget section */
        A1000000000000000000000B /* CheckoutSample */ = {
            isa = PBXNativeTarget;
            buildConfigurationList = A1000000000000000000000C /* Build configuration list for PBXNativeTarget "CheckoutSample" */;
            buildPhases = (
                A1000000000000000000000D /* Sources */,
                A10000000000000000000007 /* Frameworks */,
                A1000000000000000000000E /* Resources */,
            );
            buildRules = (
            );
            dependencies = (
            );
            name = CheckoutSample;
            packageProductDependencies = (
                A10000000000000000000004 /* M2CCheckout */,
            );
            productName = CheckoutSample;
            productReference = A10000000000000000000006 /* CheckoutSample.app */;
            productType = "com.apple.product-type.application";
        };
/* End PBXNativeTarget section */

/* Begin PBXProject section */
        A1000000000000000000000F /* Project object */ = {
            isa = PBXProject;
            attributes = {
                BuildIndependentTargetsInParallel = 1;
                LastSwiftUpdateCheck = 1540;
                LastUpgradeCheck = 1540;
                TargetAttributes = {
                    A1000000000000000000000B = {
                        CreatedOnToolsVersion = 15.4;
                    };
                };
            };
            buildConfigurationList = A10000000000000000000010 /* Build configuration list for PBXProject "CheckoutSample" */;
            compatibilityVersion = "Xcode 15.0";
            developmentRegion = en;
            hasScannedForEncodings = 0;
            knownRegions = (
                en,
                Base,
            );
            mainGroup = A10000000000000000000008;
            packageReferences = (
				A10000000000000000000011 /* XCLocalSwiftPackageReference "../.." */,
            );
            productRefGroup = A1000000000000000000000A /* Products */;
            projectDirPath = "";
            projectRoot = "";
            targets = (
                A1000000000000000000000B /* CheckoutSample */,
            );
        };
/* End PBXProject section */

/* Begin PBXResourcesBuildPhase section */
        A1000000000000000000000E /* Resources */ = {
            isa = PBXResourcesBuildPhase;
            buildActionMask = 2147483647;
            files = (
            );
            runOnlyForDeploymentPostprocessing = 0;
        };
/* End PBXResourcesBuildPhase section */

/* Begin PBXSourcesBuildPhase section */
        A1000000000000000000000D /* Sources */ = {
            isa = PBXSourcesBuildPhase;
            buildActionMask = 2147483647;
            files = (
                A10000000000000000000001 /* CheckoutSample.swift in Sources */,
            );
            runOnlyForDeploymentPostprocessing = 0;
        };
/* End PBXSourcesBuildPhase section */

/* Begin XCBuildConfiguration section */
        A10000000000000000000012 /* Debug */ = {
            isa = XCBuildConfiguration;
            buildSettings = {
                CLANG_ENABLE_MODULES = YES;
                IPHONEOS_DEPLOYMENT_TARGET = 14.0;
                SDKROOT = iphoneos;
                SWIFT_VERSION = 5.0;
            };
            name = Debug;
        };
        A10000000000000000000013 /* Release */ = {
            isa = XCBuildConfiguration;
            buildSettings = {
                CLANG_ENABLE_MODULES = YES;
                IPHONEOS_DEPLOYMENT_TARGET = 14.0;
                SDKROOT = iphoneos;
                SWIFT_COMPILATION_MODE = wholemodule;
                SWIFT_OPTIMIZATION_LEVEL = "-O";
                SWIFT_VERSION = 5.0;
            };
            name = Release;
        };
        A10000000000000000000014 /* Debug */ = {
            isa = XCBuildConfiguration;
            buildSettings = {
                CODE_SIGN_STYLE = Automatic;
                CURRENT_PROJECT_VERSION = 1;
                GENERATE_INFOPLIST_FILE = NO;
                INFOPLIST_FILE = Info.plist;
                IPHONEOS_DEPLOYMENT_TARGET = 14.0;
                MARKETING_VERSION = 0.8.1;
                PRODUCT_BUNDLE_IDENTIFIER = com.m2c.checkout.sample;
                PRODUCT_NAME = "$(TARGET_NAME)";
                SWIFT_EMIT_LOC_STRINGS = YES;
                SWIFT_VERSION = 5.0;
                TARGETED_DEVICE_FAMILY = "1,2";
            };
            name = Debug;
        };
        A10000000000000000000015 /* Release */ = {
            isa = XCBuildConfiguration;
            buildSettings = {
                CODE_SIGN_STYLE = Automatic;
                CURRENT_PROJECT_VERSION = 1;
                GENERATE_INFOPLIST_FILE = NO;
                INFOPLIST_FILE = Info.plist;
                IPHONEOS_DEPLOYMENT_TARGET = 14.0;
                MARKETING_VERSION = 0.8.1;
                PRODUCT_BUNDLE_IDENTIFIER = com.m2c.checkout.sample;
                PRODUCT_NAME = "$(TARGET_NAME)";
                SWIFT_EMIT_LOC_STRINGS = YES;
                SWIFT_VERSION = 5.0;
                TARGETED_DEVICE_FAMILY = "1,2";
            };
            name = Release;
        };
/* End XCBuildConfiguration section */

/* Begin XCConfigurationList section */
        A1000000000000000000000C /* Build configuration list for PBXNativeTarget "CheckoutSample" */ = {
            isa = XCConfigurationList;
            buildConfigurations = (
                A10000000000000000000014 /* Debug */,
                A10000000000000000000015 /* Release */,
            );
            defaultConfigurationIsVisible = 0;
            defaultConfigurationName = Release;
        };
        A10000000000000000000010 /* Build configuration list for PBXProject "CheckoutSample" */ = {
            isa = XCConfigurationList;
            buildConfigurations = (
                A10000000000000000000012 /* Debug */,
                A10000000000000000000013 /* Release */,
            );
            defaultConfigurationIsVisible = 0;
            defaultConfigurationName = Release;
        };
/* End XCConfigurationList section */

/* Begin XCLocalSwiftPackageReference section */
		A10000000000000000000011 /* XCLocalSwiftPackageReference "../.." */ = {
			isa = XCLocalSwiftPackageReference;
			relativePath = ../..;
        };
/* End XCLocalSwiftPackageReference section */

/* Begin XCSwiftPackageProductDependency section */
        A10000000000000000000004 /* M2CCheckout */ = {
            isa = XCSwiftPackageProductDependency;
			package = A10000000000000000000011 /* XCLocalSwiftPackageReference "../.." */;
            productName = M2CCheckout;
        };
/* End XCSwiftPackageProductDependency section */
    };
    rootObject = A1000000000000000000000F /* Project object */;
}
